
Microsoft Visual Studio Solution File, Format Version 12.00
Project("{FAE04EC0-301F-11D3-BF4B-00C04F79EFBC}") = "SchedulingAssist.Api", "SchedulingAssist.Api\SchedulingAssist.Api.csproj", "{87BDE4B8-1555-4E51-8B55-1FC587EFC402}"
EndProject
Project("{FAE04EC0-301F-11D3-BF4B-00C04F79EFBC}") = "SchedulingAssist.Domain", "SchedulingAssist.Domain\SchedulingAssist.Domain.csproj", "{A049C578-A6B2-4407-8A0A-C493F2670F49}"
EndProject
Project("{FAE04EC0-301F-11D3-BF4B-00C04F79EFBC}") = "SchedulingAssist.Application", "SchedulingAssist.Application\SchedulingAssist.Application.csproj", "{014115C3-FE3E-47CE-95BC-D479F771B6B4}"
EndProject
Project("{FAE04EC0-301F-11D3-BF4B-00C04F79EFBC}") = "SchedulingAssist.Infrastructure", "SchedulingAssist.Infrastructure\SchedulingAssist.Infrastructure.csproj", "{0A391DBD-1D74-4B2A-8E14-227B45C810B3}"
EndProject
Project("{FAE04EC0-301F-11D3-BF4B-00C04F79EFBC}") = "SchedulingAssist.Client", "SchedulingAssist.Client\SchedulingAssist.Client.csproj", "{35F16FDD-4ED3-4ED2-9DC8-6970541507D5}"
EndProject
Project("{FAE04EC0-301F-11D3-BF4B-00C04F79EFBC}") = "SchedulingAssist.UnitTests", "SchedulingAssist.UnitTests\SchedulingAssist.UnitTests.csproj", "{A5BE8C7A-9DB5-414E-80B5-A7121E0101D8}"
EndProject
Global
	GlobalSection(SolutionConfigurationPlatforms) = preSolution
		Debug|Any CPU = Debug|Any CPU
		Release|Any CPU = Release|Any CPU
	EndGlobalSection
	GlobalSection(ProjectConfigurationPlatforms) = postSolution
		{87BDE4B8-1555-4E51-8B55-1FC587EFC402}.Debug|Any CPU.ActiveCfg = Debug|Any CPU
		{87BDE4B8-1555-4E51-8B55-1FC587EFC402}.Debug|Any CPU.Build.0 = Debug|Any CPU
		{87BDE4B8-1555-4E51-8B55-1FC587EFC402}.Release|Any CPU.ActiveCfg = Release|Any CPU
		{87BDE4B8-1555-4E51-8B55-1FC587EFC402}.Release|Any CPU.Build.0 = Release|Any CPU
		{A049C578-A6B2-4407-8A0A-C493F2670F49}.Debug|Any CPU.ActiveCfg = Debug|Any CPU
		{A049C578-A6B2-4407-8A0A-C493F2670F49}.Debug|Any CPU.Build.0 = Debug|Any CPU
		{A049C578-A6B2-4407-8A0A-C493F2670F49}.Release|Any CPU.ActiveCfg = Release|Any CPU
		{A049C578-A6B2-4407-8A0A-C493F2670F49}.Release|Any CPU.Build.0 = Release|Any CPU
		{014115C3-FE3E-47CE-95BC-D479F771B6B4}.Debug|Any CPU.ActiveCfg = Debug|Any CPU
		{014115C3-FE3E-47CE-95BC-D479F771B6B4}.Debug|Any CPU.Build.0 = Debug|Any CPU
		{014115C3-FE3E-47CE-95BC-D479F771B6B4}.Release|Any CPU.ActiveCfg = Release|Any CPU
		{014115C3-FE3E-47CE-95BC-D479F771B6B4}.Release|Any CPU.Build.0 = Release|Any CPU
		{0A391DBD-1D74-4B2A-8E14-227B45C810B3}.Debug|Any CPU.ActiveCfg = Debug|Any CPU
		{0A391DBD-1D74-4B2A-8E14-227B45C810B3}.Debug|Any CPU.Build.0 = Debug|Any CPU
		{0A391DBD-1D74-4B2A-8E14-227B45C810B3}.Release|Any CPU.ActiveCfg = Release|Any CPU
		{0A391DBD-1D74-4B2A-8E14-227B45C810B3}.Release|Any CPU.Build.0 = Release|Any CPU
		{35F16FDD-4ED3-4ED2-9DC8-6970541507D5}.Debug|Any CPU.ActiveCfg = Debug|Any CPU
		{35F16FDD-4ED3-4ED2-9DC8-6970541507D5}.Debug|Any CPU.Build.0 = Debug|Any CPU
		{35F16FDD-4ED3-4ED2-9DC8-6970541507D5}.Release|Any CPU.ActiveCfg = Release|Any CPU
		{35F16FDD-4ED3-4ED2-9DC8-6970541507D5}.Release|Any CPU.Build.0 = Release|Any CPU
		{A5BE8C7A-9DB5-414E-80B5-A7121E0101D8}.Debug|Any CPU.ActiveCfg = Debug|Any CPU
		{A5BE8C7A-9DB5-414E-80B5-A7121E0101D8}.Debug|Any CPU.Build.0 = Debug|Any CPU
		{A5BE8C7A-9DB5-414E-80B5-A7121E0101D8}.Release|Any CPU.ActiveCfg = Release|Any CPU
		{A5BE8C7A-9DB5-414E-80B5-A7121E0101D8}.Release|Any CPU.Build.0 = Release|Any CPU
	EndGlobalSection
EndGlobal
